PODS:
  - Alamofire (4.9.1)
  - Differentiator (5.0.0)
  - RxCocoa (6.1.0):
    - RxRelay (= 6.1.0)
    - RxSwift (= 6.1.0)
  - RxDataSources (5.0.0):
    - Differentiator (~> 5.0)
    - RxCocoa (~> 6.0)
    - RxSwift (~> 6.0)
  - RxRelay (6.1.0):
    - RxSwift (= 6.1.0)
  - RxSwift (6.1.0)
  - SnapKit (4.2.0)
  - XBSwiftCoreModule (0.1.5):
    - XBSwiftCoreModule/XBCircleScroll (= 0.1.5)
    - XBSwiftCoreModule/XBFoundationExtension (= 0.1.5)
    - XBSwiftCoreModule/XBListViewManager (= 0.1.5)
    - XBSwiftCoreModule/XBMenuView (= 0.1.5)
    - XBSwiftCoreModule/XBTools (= 0.1.5)
    - XBSwiftCoreModule/XBUIKitExtension (= 0.1.5)
  - XBSwiftCoreModule/XBCircleScroll (0.1.5):
    - XBSwiftCoreModule/XBTools
  - XBSwiftCoreModule/XBFoundationExtension (0.1.5)
  - XBSwiftCoreModule/XBListViewManager (0.1.5)
  - XBSwiftCoreModule/XBMenuView (0.1.5)
  - XBSwiftCoreModule/XBTools (0.1.5)
  - XBSwiftCoreModule/XBUIKitExtension (0.1.5)

DEPENDENCIES:
  - Alamofire
  - RxCocoa
  - RxDataSources
  - RxSwift
  - SnapKit
  - XBSwiftCoreModule (from `./`)

SPEC REPOS:
  https://github.com/CocoaPods/Specs.git:
    - Alamofire
    - Differentiator
    - RxCocoa
    - RxDataSources
    - RxRelay
    - RxSwift
    - SnapKit

EXTERNAL SOURCES:
  XBSwiftCoreModule:
    :path: "./"

SPEC CHECKSUMS:
  Alamofire: 85e8a02c69d6020a0d734f6054870d7ecb75cf18
  Differentiator: e8497ceab83c1b10ca233716d547b9af21b9344d
  RxCocoa: 5c51f02d562cbd94629f6c26cf0c80fe4ab8d343
  RxDataSources: aa47cc1ed6c500fa0dfecac5c979b723542d79cf
  RxRelay: 483e1a19fad961b41f0b0c0bee506f46c1ae14fe
  RxSwift: a834e5c538e89eca0cae86f403f4fbf0336786ce
  SnapKit: fe8a619752f3f27075cc9a90244d75c6c3f27e2a
  XBSwiftCoreModule: 1f20cae779331d2438d441d4c2feeb88685db730

PODFILE CHECKSUM: e20ca72540173cb54bbe30fc2b90180c04cc2d54

COCOAPODS: 1.10.1
